# This file is autogenerated, do not edit; changes may be undone by the next 'dep ensure'.


[[projects]]
  branch = "master"
  name = "github.com/Sirupsen/logrus"
  packages = ["."]
  revision = "778f2e774c725116edbc3d039dc0dfc1cc62aae8"

[[projects]]
  branch = "master"
  name = "github.com/beorn7/perks"
  packages = ["quantile"]
  revision = "3a771d992973f24aa725d07868b467d1ddfceafb"

[[projects]]
  name = "github.com/cenk/backoff"
  packages = ["."]
  revision = "2ea60e5f094469f9e65adb9cd103795b73ae743e"
  version = "v2.0.0"

[[projects]]
  name = "github.com/fsouza/go-dockerclient"
  packages = [
    ".",
    "external/github.com/Sirupsen/logrus",
    "external/github.com/docker/docker/opts",
    "external/github.com/docker/docker/pkg/archive",
    "external/github.com/docker/docker/pkg/fileutils",
    "external/github.com/docker/docker/pkg/homedir",
    "external/github.com/docker/docker/pkg/idtools",
    "external/github.com/docker/docker/pkg/ioutils",
    "external/github.com/docker/docker/pkg/longpath",
    "external/github.com/docker/docker/pkg/pools",
    "external/github.com/docker/docker/pkg/promise",
    "external/github.com/docker/docker/pkg/stdcopy",
    "external/github.com/docker/docker/pkg/system",
    "external/github.com/docker/go-units",
    "external/github.com/hashicorp/go-cleanhttp",
    "external/github.com/opencontainers/runc/libcontainer/user",
    "external/golang.org/x/net/context",
    "external/golang.org/x/sys/unix"
  ]
  revision = "1d4f4ae73768d3ca16a6fb964694f58dc5eba601"
  version = "docker-1.9/go-1.4"

[[projects]]
  name = "github.com/golang/protobuf"
  packages = ["proto"]
  revision = "925541529c1fa6821df4e44ce2723319eb2be768"
  version = "v1.0.0"

[[projects]]
  branch = "unhashable_type"
  name = "github.com/kbudde/gobert"
  packages = ["."]
  revision = "77f4c9cb2e7ea5a63fc87ec88c9d25e939791241"

[[projects]]
  branch = "master"
  name = "github.com/kylelemons/godebug"
  packages = [
    "diff",
    "pretty"
  ]
  revision = "d65d576e9348f5982d7f6d83682b694e731a45c6"

[[projects]]
  name = "github.com/matttproud/golang_protobuf_extensions"
  packages = ["pbutil"]
  revision = "3247c84500bff8d9fb6d579d800f20b3e091582c"
  version = "v1.0.0"

[[projects]]
  name = "github.com/pkg/errors"
  packages = ["."]
  revision = "645ef00459ed84a119197bfb8d8205042c6df63d"
  version = "v0.8.0"

[[projects]]
  name = "github.com/prometheus/client_golang"
  packages = ["prometheus"]
  revision = "c5b7fccd204277076155f10851dad72b76a49317"
  version = "v0.8.0"

[[projects]]
  branch = "master"
  name = "github.com/prometheus/client_model"
  packages = ["go"]
  revision = "99fa1f4be8e564e8a6b613da7fa6f46c9edafc6c"

[[projects]]
  branch = "master"
  name = "github.com/prometheus/common"
  packages = [
    "expfmt",
    "internal/bitbucket.org/ww/goautoneg",
    "model"
  ]
  revision = "38c53a9f4bfcd932d1b00bfc65e256a7fba6b37a"

[[projects]]
  branch = "master"
  name = "github.com/prometheus/procfs"
  packages = [
    ".",
    "internal/util",
    "nfs",
    "xfs"
  ]
  revision = "780932d4fbbe0e69b84c34c20f5c8d0981e109ea"

[[projects]]
  branch = "master"
  name = "github.com/streadway/amqp"
  packages = ["."]
  revision = "8e4aba63da9fc5571e01c6a45dc809a58cbc5a68"

[[projects]]
  branch = "master"
  name = "golang.org/x/crypto"
  packages = ["ssh/terminal"]
  revision = "b2aa35443fbc700ab74c586ae79b81c171851023"

[[projects]]
  branch = "master"
  name = "golang.org/x/net"
  packages = [
    "context",
    "context/ctxhttp"
  ]
  revision = "61147c48b25b599e5b561d2e9c4f3e1ef489ca41"

[[projects]]
  branch = "master"
  name = "golang.org/x/sys"
  packages = [
    "unix",
    "windows"
  ]
  revision = "3b87a42e500a6dc65dae1a55d0b641295971163e"

[[projects]]
  name = "gopkg.in/ory-am/dockertest.v3"
  packages = ["."]
  revision = "6d57cd43b964e928111542771659af6a3a58521f"
  version = "3.0.9"

[solve-meta]
  analyzer-name = "dep"
  analyzer-version = 1
  inputs-digest = "b3840dc13c5145ac5abf643a89b72043b49a999a8a1e9c8cd43bd8933a8412ca"
  solver-name = "gps-cdcl"
  solver-version = 1
